<Solution>
  <Folder Name="/src/">
    <File Path="../src/Directory.Build.props" />
    <Project Path="../src/Cirreum.Contracts/Cirreum.Contracts.csproj" />
  </Folder>
  <Folder Name="/tests/">
    <File Path="Directory.Build.props" />
    <Project Path="Cirreum.Contracts.Tests/Cirreum.Contracts.Tests.csproj" />
  </Folder>
</Solution>
